
Microsoft Visual Studio Solution File, Format Version 12.00
# Visual Studio 15
VisualStudioVersion = 15.0.28307.779
MinimumVisualStudioVersion = 10.0.40219.1
Project("{FAE04EC0-301F-11D3-BF4B-00C04F79EFBC}") = "App01_ConsultarCEP.Android", "App01_ConsultarCEP\App01_ConsultarCEP.Android\App01_ConsultarCEP.Android.csproj", "{D2102A18-EB2A-4D13-8BDF-FEAECA7B812F}"
EndProject
Project("{FAE04EC0-301F-11D3-BF4B-00C04F79EFBC}") = "App01_ConsultarCEP.iOS", "App01_ConsultarCEP\App01_ConsultarCEP.iOS\App01_ConsultarCEP.iOS.csproj", "{45049D96-052B-4D3B-8877-9C4F9E3AF4C7}"
EndProject
Project("{FAE04EC0-301F-11D3-BF4B-00C04F79EFBC}") = "App01_ConsultarCEP", "App01_ConsultarCEP\App01_ConsultarCEP\App01_ConsultarCEP.csproj", "{5A1448A1-E670-477E-905D-31606E08E21A}"
EndProject
Global
	GlobalSection(SolutionConfigurationPlatforms) = preSolution
		Ad-Hoc|Any CPU = Ad-Hoc|Any CPU
		Ad-Hoc|iPhone = Ad-Hoc|iPhone
		Ad-Hoc|iPhoneSimulator = Ad-Hoc|iPhoneSimulator
		AppStore|Any CPU = AppStore|Any CPU
		AppStore|iPhone = AppStore|iPhone
		AppStore|iPhoneSimulator = AppStore|iPhoneSimulator
		Debug|Any CPU = Debug|Any CPU
		Debug|iPhone = Debug|iPhone
		Debug|iPhoneSimulator = Debug|iPhoneSimulator
		Release|Any CPU = Release|Any CPU
		Release|iPhone = Release|iPhone
		Release|iPhoneSimulator = Release|iPhoneSimulator
	EndGlobalSection
	GlobalSection(ProjectConfigurationPlatforms) = postSolution
		{D2102A18-EB2A-4D13-8BDF-FEAECA7B812F}.Ad-Hoc|Any CPU.ActiveCfg = Release|Any CPU
		{D2102A18-EB2A-4D13-8BDF-FEAECA7B812F}.Ad-Hoc|Any CPU.Build.0 = Release|Any CPU
		{D2102A18-EB2A-4D13-8BDF-FEAECA7B812F}.Ad-Hoc|Any CPU.Deploy.0 = Release|Any CPU
		{D2102A18-EB2A-4D13-8BDF-FEAECA7B812F}.Ad-Hoc|iPhone.ActiveCfg = Release|Any CPU
		{D2102A18-EB2A-4D13-8BDF-FEAECA7B812F}.Ad-Hoc|iPhone.Build.0 = Release|Any CPU
		{D2102A18-EB2A-4D13-8BDF-FEAECA7B812F}.Ad-Hoc|iPhone.Deploy.0 = Release|Any CPU
		{D2102A18-EB2A-4D13-8BDF-FEAECA7B812F}.Ad-Hoc|iPhoneSimulator.ActiveCfg = Release|Any CPU
		{D2102A18-EB2A-4D13-8BDF-FEAECA7B812F}.Ad-Hoc|iPhoneSimulator.Build.0 = Release|Any CPU
		{D2102A18-EB2A-4D13-8BDF-FEAECA7B812F}.Ad-Hoc|iPhoneSimulator.Deploy.0 = Release|Any CPU
		{D2102A18-EB2A-4D13-8BDF-FEAECA7B812F}.AppStore|Any CPU.ActiveCfg = Release|Any CPU
		{D2102A18-EB2A-4D13-8BDF-FEAECA7B812F}.AppStore|Any CPU.Build.0 = Release|Any CPU
		{D2102A18-EB2A-4D13-8BDF-FEAECA7B812F}.AppStore|Any CPU.Deploy.0 = Release|Any CPU
		{D2102A18-EB2A-4D13-8BDF-FEAECA7B812F}.AppStore|iPhone.ActiveCfg = Release|Any CPU
		{D2102A18-EB2A-4D13-8BDF-FEAECA7B812F}.AppStore|iPhone.Build.0 = Release|Any CPU
		{D2102A18-EB2A-4D13-8BDF-FEAECA7B812F}.AppStore|iPhone.Deploy.0 = Release|Any CPU
		{D2102A18-EB2A-4D13-8BDF-FEAECA7B812F}.AppStore|iPhoneSimulator.ActiveCfg = Release|Any CPU
		{D2102A18-EB2A-4D13-8BDF-FEAECA7B812F}.AppStore|iPhoneSimulator.Build.0 = Release|Any CPU
		{D2102A18-EB2A-4D13-8BDF-FEAECA7B812F}.AppStore|iPhoneSimulator.Deploy.0 = Release|Any CPU
		{D2102A18-EB2A-4D13-8BDF-FEAECA7B812F}.Debug|Any CPU.ActiveCfg = Debug|Any CPU
		{D2102A18-EB2A-4D13-8BDF-FEAECA7B812F}.Debug|Any CPU.Build.0 = Debug|Any CPU
		{D2102A18-EB2A-4D13-8BDF-FEAECA7B812F}.Debug|Any CPU.Deploy.0 = Debug|Any CPU
		{D2102A18-EB2A-4D13-8BDF-FEAECA7B812F}.Debug|iPhone.ActiveCfg = Debug|Any CPU
		{D2102A18-EB2A-4D13-8BDF-FEAECA7B812F}.Debug|iPhone.Build.0 = Debug|Any CPU
		{D2102A18-EB2A-4D13-8BDF-FEAECA7B812F}.Debug|iPhone.Deploy.0 = Debug|Any CPU
		{D2102A18-EB2A-4D13-8BDF-FEAECA7B812F}.Debug|iPhoneSimulator.ActiveCfg = Debug|Any CPU
		{D2102A18-EB2A-4D13-8BDF-FEAECA7B812F}.Debug|iPhoneSimulator.Build.0 = Debug|Any CPU
		{D2102A18-EB2A-4D13-8BDF-FEAECA7B812F}.Debug|iPhoneSimulator.Deploy.0 = Debug|Any CPU
		{D2102A18-EB2A-4D13-8BDF-FEAECA7B812F}.Release|Any CPU.ActiveCfg = Release|Any CPU
		{D2102A18-EB2A-4D13-8BDF-FEAECA7B812F}.Release|Any CPU.Build.0 = Release|Any CPU
		{D2102A18-EB2A-4D13-8BDF-FEAECA7B812F}.Release|Any CPU.Deploy.0 = Release|Any CPU
		{D2102A18-EB2A-4D13-8BDF-FEAECA7B812F}.Release|iPhone.ActiveCfg = Release|Any CPU
		{D2102A18-EB2A-4D13-8BDF-FEAECA7B812F}.Release|iPhone.Build.0 = Release|Any CPU
		{D2102A18-EB2A-4D13-8BDF-FEAECA7B812F}.Release|iPhone.Deploy.0 = Release|Any CPU
		{D2102A18-EB2A-4D13-8BDF-FEAECA7B812F}.Release|iPhoneSimulator.ActiveCfg = Release|Any CPU
		{D2102A18-EB2A-4D13-8BDF-FEAECA7B812F}.Release|iPhoneSimulator.Build.0 = Release|Any CPU
		{D2102A18-EB2A-4D13-8BDF-FEAECA7B812F}.Release|iPhoneSimulator.Deploy.0 = Release|Any CPU
		{45049D96-052B-4D3B-8877-9C4F9E3AF4C7}.Ad-Hoc|Any CPU.ActiveCfg = Ad-Hoc|iPhone
		{45049D96-052B-4D3B-8877-9C4F9E3AF4C7}.Ad-Hoc|Any CPU.Build.0 = Ad-Hoc|iPhone
		{45049D96-052B-4D3B-8877-9C4F9E3AF4C7}.Ad-Hoc|Any CPU.Deploy.0 = Ad-Hoc|iPhone
		{45049D96-052B-4D3B-8877-9C4F9E3AF4C7}.Ad-Hoc|iPhone.ActiveCfg = Ad-Hoc|iPhone
		{45049D96-052B-4D3B-8877-9C4F9E3AF4C7}.Ad-Hoc|iPhone.Build.0 = Ad-Hoc|iPhone
		{45049D96-052B-4D3B-8877-9C4F9E3AF4C7}.Ad-Hoc|iPhone.Deploy.0 = Ad-Hoc|iPhone
		{45049D96-052B-4D3B-8877-9C4F9E3AF4C7}.Ad-Hoc|iPhoneSimulator.ActiveCfg = Ad-Hoc|iPhoneSimulator
		{45049D96-052B-4D3B-8877-9C4F9E3AF4C7}.Ad-Hoc|iPhoneSimulator.Build.0 = Ad-Hoc|iPhoneSimulator
		{45049D96-052B-4D3B-8877-9C4F9E3AF4C7}.Ad-Hoc|iPhoneSimulator.Deploy.0 = Ad-Hoc|iPhoneSimulator
		{45049D96-052B-4D3B-8877-9C4F9E3AF4C7}.AppStore|Any CPU.ActiveCfg = AppStore|iPhone
		{45049D96-052B-4D3B-8877-9C4F9E3AF4C7}.AppStore|Any CPU.Build.0 = AppStore|iPhone
		{45049D96-052B-4D3B-8877-9C4F9E3AF4C7}.AppStore|Any CPU.Deploy.0 = AppStore|iPhone
		{45049D96-052B-4D3B-8877-9C4F9E3AF4C7}.AppStore|iPhone.ActiveCfg = AppStore|iPhone
		{45049D96-052B-4D3B-8877-9C4F9E3AF4C7}.AppStore|iPhone.Build.0 = AppStore|iPhone
		{45049D96-052B-4D3B-8877-9C4F9E3AF4C7}.AppStore|iPhone.Deploy.0 = AppStore|iPhone
		{45049D96-052B-4D3B-8877-9C4F9E3AF4C7}.AppStore|iPhoneSimulator.ActiveCfg = AppStore|iPhoneSimulator
		{45049D96-052B-4D3B-8877-9C4F9E3AF4C7}.AppStore|iPhoneSimulator.Build.0 = AppStore|iPhoneSimulator
		{45049D96-052B-4D3B-8877-9C4F9E3AF4C7}.AppStore|iPhoneSimulator.Deploy.0 = AppStore|iPhoneSimulator
		{45049D96-052B-4D3B-8877-9C4F9E3AF4C7}.Debug|Any CPU.ActiveCfg = Debug|iPhoneSimulator
		{45049D96-052B-4D3B-8877-9C4F9E3AF4C7}.Debug|Any CPU.Build.0 = Debug|iPhoneSimulator
		{45049D96-052B-4D3B-8877-9C4F9E3AF4C7}.Debug|Any CPU.Deploy.0 = Debug|iPhoneSimulator
		{45049D96-052B-4D3B-8877-9C4F9E3AF4C7}.Debug|iPhone.ActiveCfg = Debug|iPhone
		{45049D96-052B-4D3B-8877-9C4F9E3AF4C7}.Debug|iPhone.Build.0 = Debug|iPhone
		{45049D96-052B-4D3B-8877-9C4F9E3AF4C7}.Debug|iPhone.Deploy.0 = Debug|iPhone
		{45049D96-052B-4D3B-8877-9C4F9E3AF4C7}.Debug|iPhoneSimulator.ActiveCfg = Debug|iPhoneSimulator
		{45049D96-052B-4D3B-8877-9C4F9E3AF4C7}.Debug|iPhoneSimulator.Build.0 = Debug|iPhoneSimulator
		{45049D96-052B-4D3B-8877-9C4F9E3AF4C7}.Debug|iPhoneSimulator.Deploy.0 = Debug|iPhoneSimulator
		{45049D96-052B-4D3B-8877-9C4F9E3AF4C7}.Release|Any CPU.ActiveCfg = Release|iPhone
		{45049D96-052B-4D3B-8877-9C4F9E3AF4C7}.Release|Any CPU.Build.0 = Release|iPhone
		{45049D96-052B-4D3B-8877-9C4F9E3AF4C7}.Release|Any CPU.Deploy.0 = Release|iPhone
		{45049D96-052B-4D3B-8877-9C4F9E3AF4C7}.Release|iPhone.ActiveCfg = Release|iPhone
		{45049D96-052B-4D3B-8877-9C4F9E3AF4C7}.Release|iPhone.Build.0 = Release|iPhone
		{45049D96-052B-4D3B-8877-9C4F9E3AF4C7}.Release|iPhone.Deploy.0 = Release|iPhone
		{45049D96-052B-4D3B-8877-9C4F9E3AF4C7}.Release|iPhoneSimulator.ActiveCfg = Release|iPhoneSimulator
		{45049D96-052B-4D3B-8877-9C4F9E3AF4C7}.Release|iPhoneSimulator.Build.0 = Release|iPhoneSimulator
		{45049D96-052B-4D3B-8877-9C4F9E3AF4C7}.Release|iPhoneSimulator.Deploy.0 = Release|iPhoneSimulator
		{5A1448A1-E670-477E-905D-31606E08E21A}.Ad-Hoc|Any CPU.ActiveCfg = Debug|Any CPU
		{5A1448A1-E670-477E-905D-31606E08E21A}.Ad-Hoc|Any CPU.Build.0 = Debug|Any CPU
		{5A1448A1-E670-477E-905D-31606E08E21A}.Ad-Hoc|Any CPU.Deploy.0 = Debug|Any CPU
		{5A1448A1-E670-477E-905D-31606E08E21A}.Ad-Hoc|iPhone.ActiveCfg = Debug|Any CPU
		{5A1448A1-E670-477E-905D-31606E08E21A}.Ad-Hoc|iPhone.Build.0 = Debug|Any CPU
		{5A1448A1-E670-477E-905D-31606E08E21A}.Ad-Hoc|iPhone.Deploy.0 = Debug|Any CPU
		{5A1448A1-E670-477E-905D-31606E08E21A}.Ad-Hoc|iPhoneSimulator.ActiveCfg = Debug|Any CPU
		{5A1448A1-E670-477E-905D-31606E08E21A}.Ad-Hoc|iPhoneSimulator.Build.0 = Debug|Any CPU
		{5A1448A1-E670-477E-905D-31606E08E21A}.Ad-Hoc|iPhoneSimulator.Deploy.0 = Debug|Any CPU
		{5A1448A1-E670-477E-905D-31606E08E21A}.AppStore|Any CPU.ActiveCfg = Debug|Any CPU
		{5A1448A1-E670-477E-905D-31606E08E21A}.AppStore|Any CPU.Build.0 = Debug|Any CPU
		{5A1448A1-E670-477E-905D-31606E08E21A}.AppStore|Any CPU.Deploy.0 = Debug|Any CPU
		{5A1448A1-E670-477E-905D-31606E08E21A}.AppStore|iPhone.ActiveCfg = Debug|Any CPU
		{5A1448A1-E670-477E-905D-31606E08E21A}.AppStore|iPhone.Build.0 = Debug|Any CPU
		{5A1448A1-E670-477E-905D-31606E08E21A}.AppStore|iPhone.Deploy.0 = Debug|Any CPU
		{5A1448A1-E670-477E-905D-31606E08E21A}.AppStore|iPhoneSimulator.ActiveCfg = Debug|Any CPU
		{5A1448A1-E670-477E-905D-31606E08E21A}.AppStore|iPhoneSimulator.Build.0 = Debug|Any CPU
		{5A1448A1-E670-477E-905D-31606E08E21A}.AppStore|iPhoneSimulator.Deploy.0 = Debug|Any CPU
		{5A1448A1-E670-477E-905D-31606E08E21A}.Debug|Any CPU.ActiveCfg = Debug|Any CPU
		{5A1448A1-E670-477E-905D-31606E08E21A}.Debug|Any CPU.Build.0 = Debug|Any CPU
		{5A1448A1-E670-477E-905D-31606E08E21A}.Debug|Any CPU.Deploy.0 = Debug|Any CPU
		{5A1448A1-E670-477E-905D-31606E08E21A}.Debug|iPhone.ActiveCfg = Debug|Any CPU
		{5A1448A1-E670-477E-905D-31606E08E21A}.Debug|iPhone.Build.0 = Debug|Any CPU
		{5A1448A1-E670-477E-905D-31606E08E21A}.Debug|iPhone.Deploy.0 = Debug|Any CPU
		{5A1448A1-E670-477E-905D-31606E08E21A}.Debug|iPhoneSimulator.ActiveCfg = Debug|Any CPU
		{5A1448A1-E670-477E-905D-31606E08E21A}.Debug|iPhoneSimulator.Build.0 = Debug|Any CPU
		{5A1448A1-E670-477E-905D-31606E08E21A}.Debug|iPhoneSimulator.Deploy.0 = Debug|Any CPU
		{5A1448A1-E670-477E-905D-31606E08E21A}.Release|Any CPU.ActiveCfg = Release|Any CPU
		{5A1448A1-E670-477E-905D-31606E08E21A}.Release|Any CPU.Build.0 = Release|Any CPU
		{5A1448A1-E670-477E-905D-31606E08E21A}.Release|Any CPU.Deploy.0 = Release|Any CPU
		{5A1448A1-E670-477E-905D-31606E08E21A}.Release|iPhone.ActiveCfg = Release|Any CPU
		{5A1448A1-E670-477E-905D-31606E08E21A}.Release|iPhone.Build.0 = Release|Any CPU
		{5A1448A1-E670-477E-905D-31606E08E21A}.Release|iPhone.Deploy.0 = Release|Any CPU
		{5A1448A1-E670-477E-905D-31606E08E21A}.Release|iPhoneSimulator.ActiveCfg = Release|Any CPU
		{5A1448A1-E670-477E-905D-31606E08E21A}.Release|iPhoneSimulator.Build.0 = Release|Any CPU
		{5A1448A1-E670-477E-905D-31606E08E21A}.Release|iPhoneSimulator.Deploy.0 = Release|Any CPU
	EndGlobalSection
	GlobalSection(SolutionProperties) = preSolution
		HideSolutionNode = FALSE
	EndGlobalSection
	GlobalSection(ExtensibilityGlobals) = postSolution
		SolutionGuid = {D2D541BA-03BE-46F3-91F7-86C29A55AA1E}
	EndGlobalSection
EndGlobal
